// !$*UTF8*$!
{
	archiveVersion = 1;
	classes = {
	};
	objectVersion = 46;
	objects = {

/* Begin PBXContainerItemProxy section */
		187C9B041A35C4230015DEC2 /* PBXContainerItemProxy */ = {
			isa = PBXContainerItemProxy;
			containerPortal = 187C9AFD1A35C4210015DEC2 /* demo1.xcodeproj */;
			proxyType = 2;
			remoteGlobalIDString = A922753D1517C094001B78AA;
			remoteInfo = "demo1 iOS";
		};
		187C9B061A35C4230015DEC2 /* PBXContainerItemProxy */ = {
			isa = PBXContainerItemProxy;
			containerPortal = 187C9AFD1A35C4210015DEC2 /* demo1.xcodeproj */;
			proxyType = 2;
			remoteGlobalIDString = 509D4AAA17EBB24E00697056;
			remoteInfo = "demo1 Mac";
		};
		187C9B0F1A35C4D40015DEC2 /* PBXContainerItemProxy */ = {
			isa = PBXContainerItemProxy;
			containerPortal = 187C9B081A35C4D30015DEC2 /* demo2.xcodeproj */;
			proxyType = 2;
			remoteGlobalIDString = A922753D1517C094001B78AA;
			remoteInfo = "demo2 iOS";
		};
		187C9B111A35C4D40015DEC2 /* PBXContainerItemProxy */ = {
			isa = PBXContainerItemProxy;
			containerPortal = 187C9B081A35C4D30015DEC2 /* demo2.xcodeproj */;
			proxyType = 2;
			remoteGlobalIDString = 509D4AAA17EBB24E00697056;
			remoteInfo = "demo2 Mac";
		};
		187C9B1A1A35CA4E0015DEC2 /* PBXContainerItemProxy */ = {
			isa = PBXContainerItemProxy;
			containerPortal = 187C9B131A35CA4C0015DEC2 /* demo3.xcodeproj */;
			proxyType = 2;
			remoteGlobalIDString = A922753D1517C094001B78AA;
			remoteInfo = "demo3 iOS";
		};
		187C9B1C1A35CA4E0015DEC2 /* PBXContainerItemProxy */ = {
			isa = PBXContainerItemProxy;
			containerPortal = 187C9B131A35CA4C0015DEC2 /* demo3.xcodeproj */;
			proxyType = 2;
			remoteGlobalIDString = 509D4AAA17EBB24E00697056;
			remoteInfo = "demo3 Mac";
		};
		187C9B441A36A6BA0015DEC2 /* PBXContainerItemProxy */ = {
			isa = PBXContainerItemProxy;
			containerPortal = 187C9B371A36A6B90015DEC2 /* demo4.xcodeproj */;
			proxyType = 2;
			remoteGlobalIDString = A922753D1517C094001B78AA;
			remoteInfo = "demo4 iOS";
		};
		187C9B461A36A6BA0015DEC2 /* PBXContainerItemProxy */ = {
			isa = PBXContainerItemProxy;
			containerPortal = 187C9B371A36A6B90015DEC2 /* demo4.xcodeproj */;
			proxyType = 2;
			remoteGlobalIDString = 509D4AAA17EBB24E00697056;
			remoteInfo = "demo4 Mac";
		};
/* End PBXContainerItemProxy section */

/* Begin PBXFileReference section */
		187C9AFD1A35C4210015DEC2 /* demo1.xcodeproj */ = {isa = PBXFileReference; lastKnownFileType = "wrapper.pb-project"; name = demo1.xcodeproj; path = "../../../../demo1/frameworks/runtime-src/proj.ios_mac/demo1.xcodeproj"; sourceTree = "<group>"; };
		187C9B081A35C4D30015DEC2 /* demo2.xcodeproj */ = {isa = PBXFileReference; lastKnownFileType = "wrapper.pb-project"; name = demo2.xcodeproj; path = "../../../../demo2/frameworks/runtime-src/proj.ios_mac/demo2.xcodeproj"; sourceTree = "<group>"; };
		187C9B131A35CA4C0015DEC2 /* demo3.xcodeproj */ = {isa = PBXFileReference; lastKnownFileType = "wrapper.pb-project"; name = demo3.xcodeproj; path = "../../../../demo3/frameworks/runtime-src/proj.ios_mac/demo3.xcodeproj"; sourceTree = "<group>"; };
		187C9B1E1A35CD000015DEC2 /* allDemos iOS.app */ = {isa = PBXFileReference; explicitFileType = wrapper.application; includeInIndex = 0; path = "allDemos iOS.app"; sourceTree = BUILT_PRODUCTS_DIR; };
		187C9B1F1A35CD000015DEC2 /* allDemos Mac.app */ = {isa = PBXFileReference; explicitFileType = wrapper.application; includeInIndex = 0; path = "allDemos Mac.app"; sourceTree = BUILT_PRODUCTS_DIR; };
		187C9B371A36A6B90015DEC2 /* demo4.xcodeproj */ = {isa = PBXFileReference; lastKnownFileType = "wrapper.pb-project"; name = demo4.xcodeproj; path = "../../../../demo4/frameworks/runtime-src/proj.ios_mac/demo4.xcodeproj"; sourceTree = "<group>"; };
/* End PBXFileReference section */

/* Begin PBXFrameworksBuildPhase section */
		509D4A8217EBB24E00697056 /* Frameworks */ = {
			isa = PBXFrameworksBuildPhase;
			buildActionMask = 2147483647;
			files = (
			);
			runOnlyForDeploymentPostprocessing = 0;
		};
		A922753A1517C094001B78AA /* Frameworks */ = {
			isa = PBXFrameworksBuildPhase;
			buildActionMask = 2147483647;
			files = (
			);
			runOnlyForDeploymentPostprocessing = 0;
		};
/* End PBXFrameworksBuildPhase section */

/* Begin PBXGroup section */
		187C9AFE1A35C4210015DEC2 /* Products */ = {
			isa = PBXGroup;
			children = (
				187C9B051A35C4230015DEC2 /* demo1 iOS.app */,
				187C9B071A35C4230015DEC2 /* demo1 Mac.app */,
			);
			name = Products;
			sourceTree = "<group>";
		};
		187C9B091A35C4D30015DEC2 /* Products */ = {
			isa = PBXGroup;
			children = (
				187C9B101A35C4D40015DEC2 /* demo2 iOS.app */,
				187C9B121A35C4D40015DEC2 /* demo2 Mac.app */,
			);
			name = Products;
			sourceTree = "<group>";
		};
		187C9B141A35CA4C0015DEC2 /* Products */ = {
			isa = PBXGroup;
			children = (
				187C9B1B1A35CA4E0015DEC2 /* demo3 iOS.app */,
				187C9B1D1A35CA4E0015DEC2 /* demo3 Mac.app */,
			);
			name = Products;
			sourceTree = "<group>";
		};
		187C9B381A36A6B90015DEC2 /* Products */ = {
			isa = PBXGroup;
			children = (
				187C9B451A36A6BA0015DEC2 /* demo4 iOS.app */,
				187C9B471A36A6BA0015DEC2 /* demo4 Mac.app */,
			);
			name = Products;
			sourceTree = "<group>";
		};
		A92275321517C094001B78AA = {
			isa = PBXGroup;
			children = (
				187C9B371A36A6B90015DEC2 /* demo4.xcodeproj */,
				187C9B131A35CA4C0015DEC2 /* demo3.xcodeproj */,
				187C9B081A35C4D30015DEC2 /* demo2.xcodeproj */,
				187C9AFD1A35C4210015DEC2 /* demo1.xcodeproj */,
				187C9B1E1A35CD000015DEC2 /* allDemos iOS.app */,
				187C9B1F1A35CD000015DEC2 /* allDemos Mac.app */,
			);
			sourceTree = "<group>";
		};
/* End PBXGroup section */

/* Begin PBXNativeTarget section */
		509D4A7517EBB24E00697056 /* allDemos Mac */ = {
			isa = PBXNativeTarget;
			buildConfigurationList = 509D4AA717EBB24E00697056 /* Build configuration list for PBXNativeTarget "allDemos Mac" */;
			buildPhases = (
				509D4A8017EBB24E00697056 /* Sources */,
				509D4A9317EBB24E00697056 /* Resources */,
				509D4A8217EBB24E00697056 /* Frameworks */,
			);
			buildRules = (
			);
			dependencies = (
			);
			name = "allDemos Mac";
			productName = HelloWorld;
			productReference = 187C9B1F1A35CD000015DEC2 /* allDemos Mac.app */;
			productType = "com.apple.product-type.application";
		};
		A922753C1517C094001B78AA /* allDemos iOS */ = {
			isa = PBXNativeTarget;
			buildConfigurationList = A92277001517C097001B78AA /* Build configuration list for PBXNativeTarget "allDemos iOS" */;
			buildPhases = (
				A92275391517C094001B78AA /* Sources */,
				A922753A1517C094001B78AA /* Frameworks */,
				A922753B1517C094001B78AA /* Resources */,
			);
			buildRules = (
			);
			dependencies = (
			);
			name = "allDemos iOS";
			productName = HelloWorld;
			productReference = 187C9B1E1A35CD000015DEC2 /* allDemos iOS.app */;
			productType = "com.apple.product-type.application";
		};
/* End PBXNativeTarget section */

/* Begin PBXProject section */
		A92275341517C094001B78AA /* Project object */ = {
			isa = PBXProject;
			attributes = {
				LastUpgradeCheck = 0500;
				TargetAttributes = {
					A922753C1517C094001B78AA = {
						DevelopmentTeam = FE657L85YK;
					};
				};
			};
			buildConfigurationList = A92275371517C094001B78AA /* Build configuration list for PBXProject "allDemos" */;
			compatibilityVersion = "Xcode 3.2";
			developmentRegion = English;
			hasScannedForEncodings = 0;
			knownRegions = (
				en,
			);
			mainGroup = A92275321517C094001B78AA;
			productRefGroup = A92275321517C094001B78AA;
			projectDirPath = "";
			projectReferences = (
				{
					ProductGroup = 187C9AFE1A35C4210015DEC2 /* Products */;
					ProjectRef = 187C9AFD1A35C4210015DEC2 /* demo1.xcodeproj */;
				},
				{
					ProductGroup = 187C9B091A35C4D30015DEC2 /* Products */;
					ProjectRef = 187C9B081A35C4D30015DEC2 /* demo2.xcodeproj */;
				},
				{
					ProductGroup = 187C9B141A35CA4C0015DEC2 /* Products */;
					ProjectRef = 187C9B131A35CA4C0015DEC2 /* demo3.xcodeproj */;
				},
				{
					ProductGroup = 187C9B381A36A6B90015DEC2 /* Products */;
					ProjectRef = 187C9B371A36A6B90015DEC2 /* demo4.xcodeproj */;
				},
			);
			projectRoot = "";
			targets = (
				A922753C1517C094001B78AA /* allDemos iOS */,
				509D4A7517EBB24E00697056 /* allDemos Mac */,
			);
		};
/* End PBXProject section */

/* Begin PBXReferenceProxy section */
		187C9B051A35C4230015DEC2 /* demo1 iOS.app */ = {
			isa = PBXReferenceProxy;
			fileType = wrapper.application;
			path = "demo1 iOS.app";
			remoteRef = 187C9B041A35C4230015DEC2 /* PBXContainerItemProxy */;
			sourceTree = BUILT_PRODUCTS_DIR;
		};
		187C9B071A35C4230015DEC2 /* demo1 Mac.app */ = {
			isa = PBXReferenceProxy;
			fileType = wrapper.application;
			path = "demo1 Mac.app";
			remoteRef = 187C9B061A35C4230015DEC2 /* PBXContainerItemProxy */;
			sourceTree = BUILT_PRODUCTS_DIR;
		};
		187C9B101A35C4D40015DEC2 /* demo2 iOS.app */ = {
			isa = PBXReferenceProxy;
			fileType = wrapper.application;
			path = "demo2 iOS.app";
			remoteRef = 187C9B0F1A35C4D40015DEC2 /* PBXContainerItemProxy */;
			sourceTree = BUILT_PRODUCTS_DIR;
		};
		187C9B121A35C4D40015DEC2 /* demo2 Mac.app */ = {
			isa = PBXReferenceProxy;
			fileType = wrapper.application;
			path = "demo2 Mac.app";
			remoteRef = 187C9B111A35C4D40015DEC2 /* PBXContainerItemProxy */;
			sourceTree = BUILT_PRODUCTS_DIR;
		};
		187C9B1B1A35CA4E0015DEC2 /* demo3 iOS.app */ = {
			isa = PBXReferenceProxy;
			fileType = wrapper.application;
			path = "demo3 iOS.app";
			remoteRef = 187C9B1A1A35CA4E0015DEC2 /* PBXContainerItemProxy */;
			sourceTree = BUILT_PRODUCTS_DIR;
		};
		187C9B1D1A35CA4E0015DEC2 /* demo3 Mac.app */ = {
			isa = PBXReferenceProxy;
			fileType = wrapper.application;
			path = "demo3 Mac.app";
			remoteRef = 187C9B1C1A35CA4E0015DEC2 /* PBXContainerItemProxy */;
			sourceTree = BUILT_PRODUCTS_DIR;
		};
		187C9B451A36A6BA0015DEC2 /* demo4 iOS.app */ = {
			isa = PBXReferenceProxy;
			fileType = wrapper.application;
			path = "demo4 iOS.app";
			remoteRef = 187C9B441A36A6BA0015DEC2 /* PBXContainerItemProxy */;
			sourceTree = BUILT_PRODUCTS_DIR;
		};
		187C9B471A36A6BA0015DEC2 /* demo4 Mac.app */ = {
			isa = PBXReferenceProxy;
			fileType = wrapper.application;
			path = "demo4 Mac.app";
			remoteRef = 187C9B461A36A6BA0015DEC2 /* PBXContainerItemProxy */;
			sourceTree = BUILT_PRODUCTS_DIR;
		};
/* End PBXReferenceProxy section */

/* Begin PBXResourcesBuildPhase section */
		509D4A9317EBB24E00697056 /* Resources */ = {
			isa = PBXResourcesBuildPhase;
			buildActionMask = 2147483647;
			files = (
			);
			runOnlyForDeploymentPostprocessing = 0;
		};
		A922753B1517C094001B78AA /* Resources */ = {
			isa = PBXResourcesBuildPhase;
			buildActionMask = 2147483647;
			files = (
			);
			runOnlyForDeploymentPostprocessing = 0;
		};
/* End PBXResourcesBuildPhase section */

/* Begin PBXSourcesBuildPhase section */
		509D4A8017EBB24E00697056 /* Sources */ = {
			isa = PBXSourcesBuildPhase;
			buildActionMask = 2147483647;
			files = (
			);
			runOnlyForDeploymentPostprocessing = 0;
		};
		A92275391517C094001B78AA /* Sources */ = {
			isa = PBXSourcesBuildPhase;
			buildActionMask = 2147483647;
			files = (
			);
			runOnlyForDeploymentPostprocessing = 0;
		};
/* End PBXSourcesBuildPhase section */

/* Begin XCBuildConfiguration section */
		509D4AA817EBB24E00697056 /* Debug */ = {
			isa = XCBuildConfiguration;
			buildSettings = {
				ALWAYS_SEARCH_USER_PATHS = YES;
				ARCHS = "$(ARCHS_STANDARD_64_BIT)";
				COMBINE_HIDPI_IMAGES = YES;
				DEAD_CODE_STRIPPING = YES;
				GCC_DYNAMIC_NO_PIC = NO;
				GCC_PRECOMPILE_PREFIX_HEADER = YES;
				GCC_PREFIX_HEADER = mac/Prefix.pch;
				GCC_PREPROCESSOR_DEFINITIONS = (
					CC_TARGET_OS_MAC,
					"$(inherited)",
				);
				GCC_SYMBOLS_PRIVATE_EXTERN = YES;
				HEADER_SEARCH_PATHS = "";
				INFOPLIST_FILE = mac/Info.plist;
				LIBRARY_SEARCH_PATHS = "";
				OTHER_LDFLAGS = "";
				PRODUCT_NAME = "allDemos Mac";
				SDKROOT = macosx;
				USER_HEADER_SEARCH_PATHS = "$(inherited) $(SRCROOT)/../../js-bindings/cocos2d-x/cocos/platform/mac $(SRCROOT)/../../js-bindings/cocos2d-x/external/glfw3/include/mac $(SRCROOT)/../../js-bindings/external/spidermonkey/include/mac $(SRCROOT)/../../js-bindings/cocos2d-x/extensions/GUI/CCControlExtension";
			};
			name = Debug;
		};
		509D4AA917EBB24E00697056 /* Release */ = {
			isa = XCBuildConfiguration;
			buildSettings = {
				ALWAYS_SEARCH_USER_PATHS = YES;
				ARCHS = "$(ARCHS_STANDARD_64_BIT)";
				COMBINE_HIDPI_IMAGES = YES;
				DEAD_CODE_STRIPPING = YES;
				GCC_GENERATE_DEBUGGING_SYMBOLS = NO;
				GCC_PRECOMPILE_PREFIX_HEADER = YES;
				GCC_PREFIX_HEADER = mac/Prefix.pch;
				GCC_PREPROCESSOR_DEFINITIONS = (
					CC_TARGET_OS_MAC,
					"$(inherited)",
				);
				GCC_SYMBOLS_PRIVATE_EXTERN = YES;
				HEADER_SEARCH_PATHS = "";
				INFOPLIST_FILE = mac/Info.plist;
				LIBRARY_SEARCH_PATHS = "";
				OTHER_LDFLAGS = "";
				PRODUCT_NAME = "allDemos Mac";
				SDKROOT = macosx;
				USER_HEADER_SEARCH_PATHS = "$(inherited) $(SRCROOT)/../../js-bindings/cocos2d-x/cocos/platform/mac $(SRCROOT)/../../js-bindings/cocos2d-x/external/glfw3/include/mac $(SRCROOT)/../../js-bindings/external/spidermonkey/include/mac $(SRCROOT)/../../js-bindings/cocos2d-x/extensions/GUI/CCControlExtension";
			};
			name = Release;
		};
		A92276FE1517C097001B78AA /* Debug */ = {
			isa = XCBuildConfiguration;
			buildSettings = {
				CLANG_CXX_LANGUAGE_STANDARD = "c++0x";
				CLANG_CXX_LIBRARY = "libc++";
				COPY_PHASE_STRIP = NO;
				GCC_C_LANGUAGE_STANDARD = c99;
				GCC_OPTIMIZATION_LEVEL = 0;
				GCC_PREPROCESSOR_DEFINITIONS = (
					"COCOS2D_DEBUG=1",
					USE_FILE32API,
					COCOS2D_JAVASCRIPT,
					CC_ENABLE_CHIPMUNK_INTEGRATION,
				);
				GCC_SYMBOLS_PRIVATE_EXTERN = NO;
				GCC_WARN_ABOUT_RETURN_TYPE = YES;
				GCC_WARN_UNUSED_VARIABLE = YES;
				HEADER_SEARCH_PATHS = "";
				IPHONEOS_DEPLOYMENT_TARGET = 5.1;
				ONLY_ACTIVE_ARCH = YES;
				PRODUCT_NAME = "$(TARGET_NAME)";
				USER_HEADER_SEARCH_PATHS = "$(SRCROOT)/../../js-bindings/cocos2d-x $(SRCROOT)/../../js-bindings/cocos2d-x/cocos $(SRCROOT)/../../js-bindings/cocos2d-x/cocos/base $(SRCROOT)/../../js-bindings/cocos2d-x/cocos/physics $(SRCROOT)/../../js-bindings/cocos2d-x/cocos/math/kazmath $(SRCROOT)/../../js-bindings/cocos2d-x/cocos/2d $(SRCROOT)/../../js-bindings/cocos2d-x/cocos/gui $(SRCROOT)/../../js-bindings/cocos2d-x/cocos/network $(SRCROOT)/../../js-bindings/cocos2d-x/cocos/audio/include $(SRCROOT)/../../js-bindings/cocos2d-x/cocos/editor-support $(SRCROOT)/../../js-bindings/cocos2d-x/extensions $(SRCROOT)/../../js-bindings/cocos2d-x/external $(SRCROOT)/../../js-bindings/cocos2d-x/external/chipmunk/include/chipmunk $(SRCROOT)/../../js-bindings/bindings/auto $(SRCROOT)/../../js-bindings/bindings/manual";
			};
			name = Debug;
		};
		A92276FF1517C097001B78AA /* Release */ = {
			isa = XCBuildConfiguration;
			buildSettings = {
				CLANG_CXX_LANGUAGE_STANDARD = "c++0x";
				CLANG_CXX_LIBRARY = "libc++";
				GCC_C_LANGUAGE_STANDARD = c99;
				GCC_PREPROCESSOR_DEFINITIONS = (
					NDEBUG,
					USE_FILE32API,
					COCOS2D_JAVASCRIPT,
					CC_ENABLE_CHIPMUNK_INTEGRATION,
				);
				GCC_WARN_ABOUT_RETURN_TYPE = YES;
				GCC_WARN_UNUSED_VARIABLE = YES;
				HEADER_SEARCH_PATHS = "";
				IPHONEOS_DEPLOYMENT_TARGET = 5.1;
				OTHER_CFLAGS = "-DNS_BLOCK_ASSERTIONS=1";
				PRODUCT_NAME = "$(TARGET_NAME)";
				USER_HEADER_SEARCH_PATHS = "$(SRCROOT)/../../js-bindings/cocos2d-x $(SRCROOT)/../../js-bindings/cocos2d-x/cocos $(SRCROOT)/../../js-bindings/cocos2d-x/cocos/base $(SRCROOT)/../../js-bindings/cocos2d-x/cocos/physics $(SRCROOT)/../../js-bindings/cocos2d-x/cocos/math/kazmath $(SRCROOT)/../../js-bindings/cocos2d-x/cocos/2d $(SRCROOT)/../../js-bindings/cocos2d-x/cocos/gui $(SRCROOT)/../../js-bindings/cocos2d-x/cocos/network $(SRCROOT)/../../js-bindings/cocos2d-x/cocos/audio/include $(SRCROOT)/../../js-bindings/cocos2d-x/cocos/editor-support $(SRCROOT)/../../js-bindings/cocos2d-x/extensions $(SRCROOT)/../../js-bindings/cocos2d-x/external $(SRCROOT)/../../js-bindings/cocos2d-x/external/chipmunk/include/chipmunk $(SRCROOT)/../../js-bindings/bindings/auto $(SRCROOT)/../../js-bindings/bindings/manual";
				VALIDATE_PRODUCT = YES;
			};
			name = Release;
		};
		A92277011517C097001B78AA /* Debug */ = {
			isa = XCBuildConfiguration;
			buildSettings = {
				ALWAYS_SEARCH_USER_PATHS = YES;
				CODE_SIGN_IDENTITY = "iPhone Developer";
				"CODE_SIGN_IDENTITY[sdk=iphoneos*]" = "iPhone Developer";
				COMPRESS_PNG_FILES = NO;
				GCC_DYNAMIC_NO_PIC = NO;
				GCC_GENERATE_DEBUGGING_SYMBOLS = YES;
				GCC_PRECOMPILE_PREFIX_HEADER = YES;
				GCC_PREFIX_HEADER = ios/Prefix.pch;
				GCC_PREPROCESSOR_DEFINITIONS = (
					CC_TARGET_OS_IPHONE,
					"$(inherited)",
				);
				GCC_SYMBOLS_PRIVATE_EXTERN = YES;
				HEADER_SEARCH_PATHS = "\"$(SRCROOT)/../../../../\"";
				INFOPLIST_FILE = ios/Info.plist;
				IPHONEOS_DEPLOYMENT_TARGET = 5.0;
				LIBRARY_SEARCH_PATHS = "";
				OTHER_LDFLAGS = "";
				PRODUCT_NAME = "allDemos iOS";
				PROVISIONING_PROFILE = "acdc6715-8f7b-40cc-80b1-edb7578cfd84";
				SDKROOT = iphoneos;
				TARGETED_DEVICE_FAMILY = "1,2";
				USER_HEADER_SEARCH_PATHS = "$(inherited) $(SRCROOT)/../../js-bindings/cocos2d-x/cocos/platform/ios $(SRCROOT)/../../js-bindings/external/spidermonkey/include/ios $(SRCROOT)/../../js-bindings/cocos2d-x/plugin/jsbindings/auto $(SRCROOT)/../../js-bindings/cocos2d-x/plugin/jsbindings/manual $(SRCROOT)/../../js-bindings/cocos2d-x/extensions/GUI/CCControlExtension";
				VALID_ARCHS = "arm64 armv7";
			};
			name = Debug;
		};
		A92277021517C097001B78AA /* Release */ = {
			isa = XCBuildConfiguration;
			buildSettings = {
				ALWAYS_SEARCH_USER_PATHS = YES;
				CODE_SIGN_IDENTITY = "iPhone Developer";
				"CODE_SIGN_IDENTITY[sdk=iphoneos*]" = "iPhone Developer";
				COMPRESS_PNG_FILES = NO;
				GCC_GENERATE_DEBUGGING_SYMBOLS = NO;
				GCC_PRECOMPILE_PREFIX_HEADER = YES;
				GCC_PREFIX_HEADER = ios/Prefix.pch;
				GCC_PREPROCESSOR_DEFINITIONS = (
					CC_TARGET_OS_IPHONE,
					"$(inherited)",
				);
				GCC_SYMBOLS_PRIVATE_EXTERN = YES;
				HEADER_SEARCH_PATHS = "\"$(SRCROOT)/../../../../\"";
				INFOPLIST_FILE = ios/Info.plist;
				IPHONEOS_DEPLOYMENT_TARGET = 5.0;
				LIBRARY_SEARCH_PATHS = "";
				OTHER_LDFLAGS = "";
				PRODUCT_NAME = "allDemos iOS";
				PROVISIONING_PROFILE = "acdc6715-8f7b-40cc-80b1-edb7578cfd84";
				SDKROOT = iphoneos;
				TARGETED_DEVICE_FAMILY = "1,2";
				USER_HEADER_SEARCH_PATHS = "$(inherited) $(SRCROOT)/../../js-bindings/cocos2d-x/cocos/platform/ios $(SRCROOT)/../../js-bindings/external/spidermonkey/include/ios $(SRCROOT)/../../js-bindings/cocos2d-x/plugin/jsbindings/auto $(SRCROOT)/../../js-bindings/cocos2d-x/plugin/jsbindings/manual $(SRCROOT)/../../js-bindings/cocos2d-x/extensions/GUI/CCControlExtension";
				VALID_ARCHS = "arm64 armv7";
			};
			name = Release;
		};
/* End XCBuildConfiguration section */

/* Begin XCConfigurationList section */
		509D4AA717EBB24E00697056 /* Build configuration list for PBXNativeTarget "allDemos Mac" */ = {
			isa = XCConfigurationList;
			buildConfigurations = (
				509D4AA817EBB24E00697056 /* Debug */,
				509D4AA917EBB24E00697056 /* Release */,
			);
			defaultConfigurationIsVisible = 0;
			defaultConfigurationName = Release;
		};
		A92275371517C094001B78AA /* Build configuration list for PBXProject "allDemos" */ = {
			isa = XCConfigurationList;
			buildConfigurations = (
				A92276FE1517C097001B78AA /* Debug */,
				A92276FF1517C097001B78AA /* Release */,
			);
			defaultConfigurationIsVisible = 0;
			defaultConfigurationName = Release;
		};
		A92277001517C097001B78AA /* Build configuration list for PBXNativeTarget "allDemos iOS" */ = {
			isa = XCConfigurationList;
			buildConfigurations = (
				A92277011517C097001B78AA /* Debug */,
				A92277021517C097001B78AA /* Release */,
			);
			defaultConfigurationIsVisible = 0;
			defaultConfigurationName = Release;
		};
/* End XCConfigurationList section */
	};
	rootObject = A92275341517C094001B78AA /* Project object */;
}
